
Microsoft Visual Studio Solution File, Format Version 12.00
# Visual Studio Version 16
VisualStudioVersion = 16.0.31112.23
MinimumVisualStudioVersion = 10.0.40219.1
Project("{FAE04EC0-301F-11D3-BF4B-00C04F79EFBC}") = "Garbage Collection", "Garbage Collection\Garbage Collection.csproj", "{F2B28595-9614-4F37-B933-F90929E4CBDA}"
EndProject
Global
	GlobalSection(SolutionConfigurationPlatforms) = preSolution
		Debug|Any CPU = Debug|Any CPU
		Release|Any CPU = Release|Any CPU
	EndGlobalSection
	GlobalSection(ProjectConfigurationPlatforms) = postSolution
		{F2B28595-9614-4F37-B933-F90929E4CBDA}.Debug|Any CPU.ActiveCfg = Debug|Any CPU
		{F2B28595-9614-4F37-B933-F90929E4CBDA}.Debug|Any CPU.Build.0 = Debug|Any CPU
		{F2B28595-9614-4F37-B933-F90929E4CBDA}.Release|Any CPU.ActiveCfg = Release|Any CPU
		{F2B28595-9614-4F37-B933-F90929E4CBDA}.Release|Any CPU.Build.0 = Release|Any CPU
	EndGlobalSection
	GlobalSection(SolutionProperties) = preSolution
		HideSolutionNode = FALSE
	EndGlobalSection
	GlobalSection(ExtensibilityGlobals) = postSolution
		SolutionGuid = {586E049C-5323-472B-B233-9E2947490FCA}
	EndGlobalSection
EndGlobal
